<?xml version="1.0" encoding="utf-8"?>
<Project ToolsVersion="4.0" xmlns="http://schemas.microsoft.com/developer/msbuild/2003">
  <ItemGroup>
    <Filter Include="Source Files">
      <UniqueIdentifier>{4FC737F1-C7A5-4376-A066-2A32D752A2FF}</UniqueIdentifier>
      <Extensions>cpp;c;cc;cxx;c++;cppm;ixx;def;odl;idl;hpj;bat;asm;asmx</Extensions>
    </Filter>
    <Filter Include="Header Files">
      <UniqueIdentifier>{93995380-89BD-4b04-88EB-625FBE52EBFB}</UniqueIdentifier>
      <Extensions>h;hh;hpp;hxx;h++;hm;inl;inc;ipp;xsd</Extensions>
    </Filter>
    <Filter Include="Resource Files">
      <UniqueIdentifier>{67DA6AB6-F800-4c08-8B7A-83BB121AAD01}</UniqueIdentifier>
      <Extensions>rc;ico;cur;bmp;dlg;rc2;rct;bin;rgs;gif;jpg;jpeg;jpe;resx;tiff;tif;png;wav;mfcribbon-ms</Extensions>
    </Filter>
    <Filter Include="Header Files\Window">
      <UniqueIdentifier>{37758c7c-2f27-446d-b279-741e9fc20301}</UniqueIdentifier>
    </Filter>
    <Filter Include="Header Files\Graphics">
      <UniqueIdentifier>{6dfbca86-36e0-4543-99c5-22a8cac48956}</UniqueIdentifier>
    </Filter>
    <Filter Include="Source Files\Graphics">
      <UniqueIdentifier>{51515488-347d-40be-a510-b963bb62dc19}</UniqueIdentifier>
    </Filter>
    <Filter Include="Source Files\Window">
      <UniqueIdentifier>{eff4a371-386d-4572-a594-783e1b166584}</UniqueIdentifier>
    </Filter>
    <Filter Include="Header Files\Utilities">
      <UniqueIdentifier>{73e39500-1bf8-4d2e-aa6e-d92ef98d2f24}</UniqueIdentifier>
    </Filter>
    <Filter Include="Source Files\Utilities">
      <UniqueIdentifier>{dbdf3f36-b006-4ffb-831f-dfccc836c646}</UniqueIdentifier>
    </Filter>
    <Filter Include="Header Files\Graphics\Shaders">
      <UniqueIdentifier>{1ba14260-0124-475a-880e-a5135fc2207f}</UniqueIdentifier>
    </Filter>
    <Filter Include="Header Files\Utilities\Exception">
      <UniqueIdentifier>{d0a4d072-c7c2-4703-8458-47617529ef32}</UniqueIdentifier>
    </Filter>
    <Filter Include="Source Files\Utilities\Exception">
      <UniqueIdentifier>{c8b04d9f-c503-4670-86c6-f88f54ec441e}</UniqueIdentifier>
    </Filter>
  </ItemGroup>
  <ItemGroup>
    <ClCompile Include="WinMain.cpp">
      <Filter>Source Files</Filter>
    </ClCompile>
    <ClCompile Include="Application.cpp">
      <Filter>Source Files</Filter>
    </ClCompile>
    <ClCompile Include="Keyboard.cpp">
      <Filter>Source Files\Window</Filter>
    </ClCompile>
    <ClCompile Include="Mouse.cpp">
      <Filter>Source Files\Window</Filter>
    </ClCompile>
    <ClCompile Include="Window.cpp">
      <Filter>Source Files\Window</Filter>
    </ClCompile>
    <ClCompile Include="Timer.cpp">
      <Filter>Source Files\Utilities</Filter>
    </ClCompile>
    <ClCompile Include="Graphics.cpp">
      <Filter>Source Files\Graphics</Filter>
    </ClCompile>
    <ClCompile Include="dxerr.cpp">
      <Filter>Source Files\Utilities\Exception</Filter>
    </ClCompile>
    <ClCompile Include="DXGIInfoManager.cpp">
      <Filter>Source Files\Utilities\Exception</Filter>
    </ClCompile>
    <ClCompile Include="EngineException.cpp">
      <Filter>Source Files\Utilities\Exception</Filter>
    </ClCompile>
    <ClCompile Include="HRException.cpp">
      <Filter>Source Files\Utilities\Exception</Filter>
    </ClCompile>
    <ClCompile Include="IllegalStateException.cpp">
      <Filter>Source Files\Utilities\Exception</Filter>
    </ClCompile>
    <ClCompile Include="InfoException.cpp">
      <Filter>Source Files\Utilities\Exception</Filter>
    </ClCompile>
    <ClCompile Include="Vector.cpp">
      <Filter>Source Files\Utilities</Filter>
    </ClCompile>
  </ItemGroup>
  <ItemGroup>
    <ClInclude Include="ModifiedWindows.h">
      <Filter>Header Files</Filter>
    </ClInclude>
    <ClInclude Include="Application.h">
      <Filter>Header Files</Filter>
    </ClInclude>
    <ClInclude Include="Keyboard.h">
      <Filter>Header Files\Window</Filter>
    </ClInclude>
    <ClInclude Include="Mouse.h">
      <Filter>Header Files\Window</Filter>
    </ClInclude>
    <ClInclude Include="Window.h">
      <Filter>Header Files\Window</Filter>
    </ClInclude>
    <ClInclude Include="Timer.h">
      <Filter>Header Files\Utilities</Filter>
    </ClInclude>
    <ClInclude Include="Graphics.h">
      <Filter>Header Files\Graphics</Filter>
    </ClInclude>
    <ClInclude Include="dxerr.h">
      <Filter>Header Files\Utilities\Exception</Filter>
    </ClInclude>
    <ClInclude Include="DXGIInfoManager.h">
      <Filter>Header Files\Utilities\Exception</Filter>
    </ClInclude>
    <ClInclude Include="EngineException.h">
      <Filter>Header Files\Utilities\Exception</Filter>
    </ClInclude>
    <ClInclude Include="HRException.h">
      <Filter>Header Files\Utilities\Exception</Filter>
    </ClInclude>
    <ClInclude Include="IllegalStateException.h">
      <Filter>Header Files\Utilities\Exception</Filter>
    </ClInclude>
    <ClInclude Include="InfoException.h">
      <Filter>Header Files\Utilities\Exception</Filter>
    </ClInclude>
    <ClInclude Include="Vector.h">
      <Filter>Header Files\Utilities</Filter>
    </ClInclude>
  </ItemGroup>
  <ItemGroup>
    <FxCompile Include="PixelShader.hlsl">
      <Filter>Header Files\Graphics\Shaders</Filter>
    </FxCompile>
    <FxCompile Include="VertexShader.hlsl">
      <Filter>Header Files\Graphics\Shaders</Filter>
    </FxCompile>
  </ItemGroup>
  <ItemGroup>
    <None Include="DXGetErrorDescription.inl">
      <Filter>Header Files\Utilities\Exception</Filter>
    </None>
    <None Include="DXGetErrorString.inl">
      <Filter>Header Files\Utilities\Exception</Filter>
    </None>
    <None Include="DXTrace.inl">
      <Filter>Header Files\Utilities\Exception</Filter>
    </None>
  </ItemGroup>
</Project>