<?xml version="1.0" encoding="utf-8"?>
<Project ToolsVersion="4.0" xmlns="http://schemas.microsoft.com/developer/msbuild/2003">
  <ItemGroup>
    <Filter Include="Source Files">
      <UniqueIdentifier>{4FC737F1-C7A5-4376-A066-2A32D752A2FF}</UniqueIdentifier>
      <Extensions>cpp;c;cc;cxx;c++;cppm;ixx;def;odl;idl;hpj;bat;asm;asmx</Extensions>
    </Filter>
    <Filter Include="Header Files">
      <UniqueIdentifier>{93995380-89BD-4b04-88EB-625FBE52EBFB}</UniqueIdentifier>
      <Extensions>h;hh;hpp;hxx;h++;hm;inl;inc;ipp;xsd</Extensions>
    </Filter>
    <Filter Include="Resource Files">
      <UniqueIdentifier>{67DA6AB6-F800-4c08-8B7A-83BB121AAD01}</UniqueIdentifier>
      <Extensions>rc;ico;cur;bmp;dlg;rc2;rct;bin;rgs;gif;jpg;jpeg;jpe;resx;tiff;tif;png;wav;mfcribbon-ms</Extensions>
    </Filter>
    <Filter Include="Header Files\Window">
      <UniqueIdentifier>{37758c7c-2f27-446d-b279-741e9fc20301}</UniqueIdentifier>
    </Filter>
    <Filter Include="Header Files\Graphics">
      <UniqueIdentifier>{6dfbca86-36e0-4543-99c5-22a8cac48956}</UniqueIdentifier>
    </Filter>
    <Filter Include="Source Files\Graphics">
      <UniqueIdentifier>{51515488-347d-40be-a510-b963bb62dc19}</UniqueIdentifier>
    </Filter>
    <Filter Include="Source Files\Window">
      <UniqueIdentifier>{eff4a371-386d-4572-a594-783e1b166584}</UniqueIdentifier>
    </Filter>
    <Filter Include="Header Files\Utilities">
      <UniqueIdentifier>{73e39500-1bf8-4d2e-aa6e-d92ef98d2f24}</UniqueIdentifier>
    </Filter>
    <Filter Include="Source Files\Utilities">
      <UniqueIdentifier>{dbdf3f36-b006-4ffb-831f-dfccc836c646}</UniqueIdentifier>
    </Filter>
    <Filter Include="Header Files\Graphics\Shaders">
      <UniqueIdentifier>{1ba14260-0124-475a-880e-a5135fc2207f}</UniqueIdentifier>
    </Filter>
    <Filter Include="Header Files\Utilities\Exception">
      <UniqueIdentifier>{d0a4d072-c7c2-4703-8458-47617529ef32}</UniqueIdentifier>
    </Filter>
    <Filter Include="Source Files\Utilities\Exception">
      <UniqueIdentifier>{c8b04d9f-c503-4670-86c6-f88f54ec441e}</UniqueIdentifier>
    </Filter>
    <Filter Include="Header Files\Graphics\Bindable">
      <UniqueIdentifier>{cc1ca9e9-a6cd-4d13-b430-6e1f496fdd0c}</UniqueIdentifier>
    </Filter>
    <Filter Include="Header Files\Graphics\Drawable">
      <UniqueIdentifier>{9888ea48-6994-4dcd-b7ec-4948f42008eb}</UniqueIdentifier>
    </Filter>
    <Filter Include="Source Files\Graphics\Bindable">
      <UniqueIdentifier>{7e6da612-5a53-4844-add5-3273c1d82288}</UniqueIdentifier>
    </Filter>
    <Filter Include="Source Files\Graphics\Drawable">
      <UniqueIdentifier>{316eca02-99d9-4830-bbe5-efcd6cc0cf6e}</UniqueIdentifier>
    </Filter>
    <Filter Include="Header Files\Graphics\Geometry">
      <UniqueIdentifier>{2b090ded-8afa-457b-82de-33a52331560e}</UniqueIdentifier>
    </Filter>
    <Filter Include="Header Files\Utilities\Macros">
      <UniqueIdentifier>{7932b3ee-6c40-489c-b3a2-31d9f4161d5e}</UniqueIdentifier>
    </Filter>
    <Filter Include="Header Files\Window\imgui">
      <UniqueIdentifier>{e84e390c-aece-4384-b038-fdf602f97107}</UniqueIdentifier>
    </Filter>
    <Filter Include="Source Files\Window\imgui">
      <UniqueIdentifier>{299e1cb1-fe99-44a0-8b63-d2a7dd1b6683}</UniqueIdentifier>
    </Filter>
  </ItemGroup>
  <ItemGroup>
    <ClCompile Include="WinMain.cpp">
      <Filter>Source Files</Filter>
    </ClCompile>
    <ClCompile Include="Application.cpp">
      <Filter>Source Files</Filter>
    </ClCompile>
    <ClCompile Include="Keyboard.cpp">
      <Filter>Source Files\Window</Filter>
    </ClCompile>
    <ClCompile Include="Mouse.cpp">
      <Filter>Source Files\Window</Filter>
    </ClCompile>
    <ClCompile Include="Window.cpp">
      <Filter>Source Files\Window</Filter>
    </ClCompile>
    <ClCompile Include="Timer.cpp">
      <Filter>Source Files\Utilities</Filter>
    </ClCompile>
    <ClCompile Include="Graphics.cpp">
      <Filter>Source Files\Graphics</Filter>
    </ClCompile>
    <ClCompile Include="dxerr.cpp">
      <Filter>Source Files\Utilities\Exception</Filter>
    </ClCompile>
    <ClCompile Include="DXGIInfoManager.cpp">
      <Filter>Source Files\Utilities\Exception</Filter>
    </ClCompile>
    <ClCompile Include="EngineException.cpp">
      <Filter>Source Files\Utilities\Exception</Filter>
    </ClCompile>
    <ClCompile Include="HRException.cpp">
      <Filter>Source Files\Utilities\Exception</Filter>
    </ClCompile>
    <ClCompile Include="IllegalStateException.cpp">
      <Filter>Source Files\Utilities\Exception</Filter>
    </ClCompile>
    <ClCompile Include="InfoException.cpp">
      <Filter>Source Files\Utilities\Exception</Filter>
    </ClCompile>
    <ClCompile Include="ArithmeticException.cpp">
      <Filter>Source Files\Utilities\Exception</Filter>
    </ClCompile>
    <ClCompile Include="VertexShader.cpp">
      <Filter>Source Files\Graphics\Bindable</Filter>
    </ClCompile>
    <ClCompile Include="PixelShader.cpp">
      <Filter>Source Files\Graphics\Bindable</Filter>
    </ClCompile>
    <ClCompile Include="IndexBuffer.cpp">
      <Filter>Source Files\Graphics\Bindable</Filter>
    </ClCompile>
    <ClCompile Include="InputLayout.cpp">
      <Filter>Source Files\Graphics\Bindable</Filter>
    </ClCompile>
    <ClCompile Include="Topology.cpp">
      <Filter>Source Files\Graphics\Bindable</Filter>
    </ClCompile>
    <ClCompile Include="VertexBuffer.cpp">
      <Filter>Source Files\Graphics\Bindable</Filter>
    </ClCompile>
    <ClCompile Include="Block.cpp">
      <Filter>Source Files\Graphics\Drawable</Filter>
    </ClCompile>
    <ClCompile Include="Bindable.cpp">
      <Filter>Source Files\Graphics\Bindable</Filter>
    </ClCompile>
    <ClCompile Include="PointList.cpp">
      <Filter>Source Files\Graphics\Drawable</Filter>
    </ClCompile>
    <ClCompile Include="Drawable.cpp">
      <Filter>Source Files\Graphics\Drawable</Filter>
    </ClCompile>
    <ClCompile Include="Color.cpp">
      <Filter>Source Files\Graphics</Filter>
    </ClCompile>
    <ClCompile Include="Surface.cpp">
      <Filter>Source Files\Graphics</Filter>
    </ClCompile>
    <ClCompile Include="GDIPlusManager.cpp">
      <Filter>Source Files\Graphics</Filter>
    </ClCompile>
    <ClCompile Include="Texture.cpp">
      <Filter>Source Files\Graphics\Bindable</Filter>
    </ClCompile>
    <ClCompile Include="Sampler.cpp">
      <Filter>Source Files\Graphics\Bindable</Filter>
    </ClCompile>
    <ClCompile Include="MirahCube.cpp">
      <Filter>Source Files\Graphics\Drawable</Filter>
    </ClCompile>
    <ClCompile Include="imgui_impl_dx12.cpp">
      <Filter>Source Files\Window\imgui</Filter>
    </ClCompile>
    <ClCompile Include="imgui.cpp">
      <Filter>Source Files\Window\imgui</Filter>
    </ClCompile>
    <ClCompile Include="imgui_demo.cpp">
      <Filter>Source Files\Window\imgui</Filter>
    </ClCompile>
    <ClCompile Include="imgui_draw.cpp">
      <Filter>Source Files\Window\imgui</Filter>
    </ClCompile>
    <ClCompile Include="imgui_widgets.cpp">
      <Filter>Source Files\Window\imgui</Filter>
    </ClCompile>
    <ClCompile Include="imgui_impl_win32.cpp">
      <Filter>Source Files\Window\imgui</Filter>
    </ClCompile>
    <ClCompile Include="imgui_tables.cpp">
      <Filter>Source Files\Window\imgui</Filter>
    </ClCompile>
    <ClCompile Include="ImguiManager.cpp">
      <Filter>Source Files\Window\imgui</Filter>
    </ClCompile>
    <ClCompile Include="imgui_impl_dx11.cpp">
      <Filter>Source Files\Window\imgui</Filter>
    </ClCompile>
  </ItemGroup>
  <ItemGroup>
    <ClInclude Include="ModifiedWindows.h">
      <Filter>Header Files</Filter>
    </ClInclude>
    <ClInclude Include="Application.h">
      <Filter>Header Files</Filter>
    </ClInclude>
    <ClInclude Include="Keyboard.h">
      <Filter>Header Files\Window</Filter>
    </ClInclude>
    <ClInclude Include="Mouse.h">
      <Filter>Header Files\Window</Filter>
    </ClInclude>
    <ClInclude Include="Window.h">
      <Filter>Header Files\Window</Filter>
    </ClInclude>
    <ClInclude Include="Timer.h">
      <Filter>Header Files\Utilities</Filter>
    </ClInclude>
    <ClInclude Include="Graphics.h">
      <Filter>Header Files\Graphics</Filter>
    </ClInclude>
    <ClInclude Include="dxerr.h">
      <Filter>Header Files\Utilities\Exception</Filter>
    </ClInclude>
    <ClInclude Include="DXGIInfoManager.h">
      <Filter>Header Files\Utilities\Exception</Filter>
    </ClInclude>
    <ClInclude Include="EngineException.h">
      <Filter>Header Files\Utilities\Exception</Filter>
    </ClInclude>
    <ClInclude Include="HRException.h">
      <Filter>Header Files\Utilities\Exception</Filter>
    </ClInclude>
    <ClInclude Include="IllegalStateException.h">
      <Filter>Header Files\Utilities\Exception</Filter>
    </ClInclude>
    <ClInclude Include="InfoException.h">
      <Filter>Header Files\Utilities\Exception</Filter>
    </ClInclude>
    <ClInclude Include="ArithmeticException.h">
      <Filter>Header Files\Utilities\Exception</Filter>
    </ClInclude>
    <ClInclude Include="GraphicsMacros.h">
      <Filter>Header Files\Utilities\Macros</Filter>
    </ClInclude>
    <ClInclude Include="WindowMacros.h">
      <Filter>Header Files\Utilities\Macros</Filter>
    </ClInclude>
    <ClInclude Include="Bindable.h">
      <Filter>Header Files\Graphics\Bindable</Filter>
    </ClInclude>
    <ClInclude Include="ConstantBuffers.h">
      <Filter>Header Files\Graphics\Bindable</Filter>
    </ClInclude>
    <ClInclude Include="VertexBuffer.h">
      <Filter>Header Files\Graphics\Bindable</Filter>
    </ClInclude>
    <ClInclude Include="VertexShader.h">
      <Filter>Header Files\Graphics\Bindable</Filter>
    </ClInclude>
    <ClInclude Include="PixelShader.h">
      <Filter>Header Files\Graphics\Bindable</Filter>
    </ClInclude>
    <ClInclude Include="IndexBuffer.h">
      <Filter>Header Files\Graphics\Bindable</Filter>
    </ClInclude>
    <ClInclude Include="Vec3.h">
      <Filter>Header Files\Utilities</Filter>
    </ClInclude>
    <ClInclude Include="Vec2.h">
      <Filter>Header Files\Utilities</Filter>
    </ClInclude>
    <ClInclude Include="InputLayout.h">
      <Filter>Header Files\Graphics\Bindable</Filter>
    </ClInclude>
    <ClInclude Include="Topology.h">
      <Filter>Header Files\Graphics\Bindable</Filter>
    </ClInclude>
    <ClInclude Include="TransformCBuffer.h">
      <Filter>Header Files\Graphics\Bindable</Filter>
    </ClInclude>
    <ClInclude Include="DrawableBase.h">
      <Filter>Header Files\Graphics\Drawable</Filter>
    </ClInclude>
    <ClInclude Include="Block.h">
      <Filter>Header Files\Graphics\Drawable</Filter>
    </ClInclude>
    <ClInclude Include="BindableMacro.h">
      <Filter>Header Files\Utilities\Macros</Filter>
    </ClInclude>
    <ClInclude Include="Vec4.h">
      <Filter>Header Files\Utilities</Filter>
    </ClInclude>
    <ClInclude Include="Math.h">
      <Filter>Header Files\Utilities</Filter>
    </ClInclude>
    <ClInclude Include="Cube.h">
      <Filter>Header Files\Graphics\Geometry</Filter>
    </ClInclude>
    <ClInclude Include="IndexedTriangleList.h">
      <Filter>Header Files\Graphics\Geometry</Filter>
    </ClInclude>
    <ClInclude Include="Shape.h">
      <Filter>Header Files\Graphics\Geometry</Filter>
    </ClInclude>
    <ClInclude Include="PointSphere.h">
      <Filter>Header Files\Graphics\Geometry</Filter>
    </ClInclude>
    <ClInclude Include="PointList.h">
      <Filter>Header Files\Graphics\Drawable</Filter>
    </ClInclude>
    <ClInclude Include="Drawable.h">
      <Filter>Header Files\Graphics\Drawable</Filter>
    </ClInclude>
    <ClInclude Include="ShapeDrawable.h">
      <Filter>Header Files\Graphics\Drawable</Filter>
    </ClInclude>
    <ClInclude Include="IcoSphere.h">
      <Filter>Header Files\Graphics\Geometry</Filter>
    </ClInclude>
    <ClInclude Include="Cone.h">
      <Filter>Header Files\Graphics\Geometry</Filter>
    </ClInclude>
    <ClInclude Include="Cylinder.h">
      <Filter>Header Files\Graphics\Geometry</Filter>
    </ClInclude>
    <ClInclude Include="Surface.h">
      <Filter>Header Files\Graphics</Filter>
    </ClInclude>
    <ClInclude Include="Color.h">
      <Filter>Header Files\Graphics</Filter>
    </ClInclude>
    <ClInclude Include="GDIPlusManager.h">
      <Filter>Header Files\Graphics</Filter>
    </ClInclude>
    <ClInclude Include="Texture.h">
      <Filter>Header Files\Graphics\Bindable</Filter>
    </ClInclude>
    <ClInclude Include="Sampler.h">
      <Filter>Header Files\Graphics\Bindable</Filter>
    </ClInclude>
    <ClInclude Include="MirahCube.h">
      <Filter>Header Files\Graphics\Drawable</Filter>
    </ClInclude>
    <ClInclude Include="VertexBase.h">
      <Filter>Header Files\Graphics\Geometry</Filter>
    </ClInclude>
    <ClInclude Include="SkinnedCube.h">
      <Filter>Header Files\Graphics\Geometry</Filter>
    </ClInclude>
    <ClInclude Include="imgui_impl_dx12.h">
      <Filter>Header Files\Window\imgui</Filter>
    </ClInclude>
    <ClInclude Include="imgui.h">
      <Filter>Header Files\Window\imgui</Filter>
    </ClInclude>
    <ClInclude Include="imgui_internal.h">
      <Filter>Header Files\Window\imgui</Filter>
    </ClInclude>
    <ClInclude Include="imgui_impl_win32.h">
      <Filter>Header Files\Window\imgui</Filter>
    </ClInclude>
    <ClInclude Include="imconfig.h">
      <Filter>Header Files\Window\imgui</Filter>
    </ClInclude>
    <ClInclude Include="imstb_rectpack.h">
      <Filter>Header Files\Window\imgui</Filter>
    </ClInclude>
    <ClInclude Include="imstb_truetype.h">
      <Filter>Header Files\Window\imgui</Filter>
    </ClInclude>
    <ClInclude Include="imstb_textedit.h">
      <Filter>Header Files\Window\imgui</Filter>
    </ClInclude>
    <ClInclude Include="ImguiManager.h">
      <Filter>Header Files\Window\imgui</Filter>
    </ClInclude>
    <ClInclude Include="imgui_impl_dx11.h">
      <Filter>Header Files\Window\imgui</Filter>
    </ClInclude>
  </ItemGroup>
  <ItemGroup>
    <FxCompile Include="PixelShader.hlsl">
      <Filter>Header Files\Graphics\Shaders</Filter>
    </FxCompile>
    <FxCompile Include="VertexShader.hlsl">
      <Filter>Header Files\Graphics\Shaders</Filter>
    </FxCompile>
    <FxCompile Include="ColorlessVertexShader.hlsl">
      <Filter>Header Files\Graphics\Shaders</Filter>
    </FxCompile>
    <FxCompile Include="ColorlessPixelShader.hlsl">
      <Filter>Header Files\Graphics\Shaders</Filter>
    </FxCompile>
    <FxCompile Include="TextureVertexShader.hlsl">
      <Filter>Header Files\Graphics\Shaders</Filter>
    </FxCompile>
    <FxCompile Include="TexturePixelShader.hlsl">
      <Filter>Header Files\Graphics\Shaders</Filter>
    </FxCompile>
  </ItemGroup>
  <ItemGroup>
    <None Include="DXGetErrorDescription.inl">
      <Filter>Header Files\Utilities\Exception</Filter>
    </None>
    <None Include="DXGetErrorString.inl">
      <Filter>Header Files\Utilities\Exception</Filter>
    </None>
    <None Include="DXTrace.inl">
      <Filter>Header Files\Utilities\Exception</Filter>
    </None>
  </ItemGroup>
</Project>